
Microsoft Visual Studio Solution File, Format Version 12.00
# Visual Studio 2017
Project("{FAE04EC0-301F-11D3-BF4B-00C04F79EFBC}") = "toggleswitch", "toggleswitch.csproj", "{8A7D3ED6-33D2-6EEA-36F7-7A0E51FD3BFF}"
EndProject
Global
	GlobalSection(SolutionConfigurationPlatforms) = preSolution
		Debug|Any CPU = Debug|Any CPU
		Release|Any CPU = Release|Any CPU
	EndGlobalSection
	GlobalSection(ProjectConfigurationPlatforms) = postSolution
		{8A7D3ED6-33D2-6EEA-36F7-7A0E51FD3BFF}.Debug|Any CPU.ActiveCfg = Debug|Any CPU
		{8A7D3ED6-33D2-6EEA-36F7-7A0E51FD3BFF}.Debug|Any CPU.Build.0 = Debug|Any CPU
		{8A7D3ED6-33D2-6EEA-36F7-7A0E51FD3BFF}.Release|Any CPU.ActiveCfg = Release|Any CPU
		{8A7D3ED6-33D2-6EEA-36F7-7A0E51FD3BFF}.Release|Any CPU.Build.0 = Release|Any CPU
	EndGlobalSection
	GlobalSection(SolutionProperties) = preSolution
		HideSolutionNode = FALSE
	EndGlobalSection
EndGlobal
